sdk: ^2.0.0-alpha.80
prefixes:
  certificate_roots: toit-cert-roots
  mqtt: mqtt
packages:
  mqtt:
    url: github.com/toitware/mqtt
    version: 2.1.1
    hash: 49eab960bb1c27245bfc52e72f6f1ec840492abb
  toit-cert-roots:
    url: github.com/toitware/toit-cert-roots
    version: 1.4.0
    hash: bf41ee60ebba65ba01bc9ba1aa6d697e4cc4a8c7
