prefixes:
  certificate_roots: toit-cert-roots
  mqtt: mqtt
packages:
  mqtt:
    url: github.com/toitware/mqtt
    version: 2.0.2
    hash: b5440a523baa8d696ad3899c34241e30d4ed1a6a
  toit-cert-roots:
    url: github.com/toitware/toit-cert-roots
    version: 1.3.2
    hash: 288547039d8a3797330064e91d8c79ad16313545
