prefixes:
  qubitro: ..
packages:
  ..:
    path: ..
    prefixes:
      certificate_roots: toit-cert-roots
      mqtt: mqtt
  mqtt:
    url: github.com/toitware/mqtt
    version: 2.0.4
    hash: 81cd43e7383eccdbf07360cda3d03e9b862fa280
  toit-cert-roots:
    url: github.com/toitware/toit-cert-roots
    version: 1.3.2
    hash: 288547039d8a3797330064e91d8c79ad16313545
