sdk: ^2.0.0-alpha.100
prefixes:
  qubitro: ..
packages:
  ..:
    path: ..
    prefixes:
      certificate_roots: toit-cert-roots
      mqtt: mqtt
  mqtt:
    url: github.com/toitware/mqtt
    name: mqtt
    version: 2.7.0
    hash: ae42b7f4949ec65512e845e7bef7e90a33a914d9
  toit-cert-roots:
    url: github.com/toitware/toit-cert-roots
    name: certificate_roots
    version: 1.6.1
    hash: 55d3be82ed53d8d332338b2de931865cf69fe48b
